// !$*UTF8*$!
{
	archiveVersion = 1;
	classes = {
	};
	objectVersion = 56;
	objects = {

/* Begin PBXBuildFile section */
		D3CB9F8C2B266B29007E5615 /* TechnicalAssessmentApp.swift in Sources */ = {isa = PBXBuildFile; fileRef = D3CB9F8B2B266B29007E5615 /* TechnicalAssessmentApp.swift */; };
		D3CB9F902B266B2A007E5615 /* Assets.xcassets in Resources */ = {isa = PBXBuildFile; fileRef = D3CB9F8F2B266B2A007E5615 /* Assets.xcassets */; };
		D3CB9F932B266B2A007E5615 /* Preview Assets.xcassets in Resources */ = {isa = PBXBuildFile; fileRef = D3CB9F922B266B2A007E5615 /* Preview Assets.xcassets */; };
		D3CB9F9D2B266B2A007E5615 /* TechnicalAssessmentTests.swift in Sources */ = {isa = PBXBuildFile; fileRef = D3CB9F9C2B266B2A007E5615 /* TechnicalAssessmentTests.swift */; };
		D3CB9FA72B266B2A007E5615 /* TechnicalAssessmentUITests.swift in Sources */ = {isa = PBXBuildFile; fileRef = D3CB9FA62B266B2A007E5615 /* TechnicalAssessmentUITests.swift */; };
		D3CB9FA92B266B2A007E5615 /* TechnicalAssessmentUITestsLaunchTests.swift in Sources */ = {isa = PBXBuildFile; fileRef = D3CB9FA82B266B2A007E5615 /* TechnicalAssessmentUITestsLaunchTests.swift */; };
		D3CB9FBE2B266E30007E5615 /* CoinCellView.swift in Sources */ = {isa = PBXBuildFile; fileRef = D3CB9FBD2B266E30007E5615 /* CoinCellView.swift */; };
		D3CB9FC22B26731B007E5615 /* CoinCellViewModel.swift in Sources */ = {isa = PBXBuildFile; fileRef = D3CB9FC12B26731B007E5615 /* CoinCellViewModel.swift */; };
		D3CB9FC42B271AA5007E5615 /* CoinListView.swift in Sources */ = {isa = PBXBuildFile; fileRef = D3CB9FC32B271AA5007E5615 /* CoinListView.swift */; };
		D3CB9FCA2B272C97007E5615 /* CoinModel.swift in Sources */ = {isa = PBXBuildFile; fileRef = D3CB9FC92B272C97007E5615 /* CoinModel.swift */; };
		D3CB9FCC2B272DBF007E5615 /* NetworkService.swift in Sources */ = {isa = PBXBuildFile; fileRef = D3CB9FCB2B272DBF007E5615 /* NetworkService.swift */; };
		D3CB9FD02B272E74007E5615 /* CoinListViewModel.swift in Sources */ = {isa = PBXBuildFile; fileRef = D3CB9FCF2B272E74007E5615 /* CoinListViewModel.swift */; };
		D3CB9FD32B272FC8007E5615 /* String+Abbrevations.swift in Sources */ = {isa = PBXBuildFile; fileRef = D3CB9FD22B272FC8007E5615 /* String+Abbrevations.swift */; };
		D3CB9FD92B2745EF007E5615 /* CoinInfoView.swift in Sources */ = {isa = PBXBuildFile; fileRef = D3CB9FD82B2745EF007E5615 /* CoinInfoView.swift */; };
		D3CB9FEE2B274EB3007E5615 /* Poppins-Medium.ttf in Resources */ = {isa = PBXBuildFile; fileRef = D3CB9FDB2B274EB3007E5615 /* Poppins-Medium.ttf */; };
		D3CB9FEF2B274EB3007E5615 /* Poppins-Regular.ttf in Resources */ = {isa = PBXBuildFile; fileRef = D3CB9FDC2B274EB3007E5615 /* Poppins-Regular.ttf */; };
		D3CB9FF02B274EB3007E5615 /* Poppins-ExtraLightItalic.ttf in Resources */ = {isa = PBXBuildFile; fileRef = D3CB9FDD2B274EB3007E5615 /* Poppins-ExtraLightItalic.ttf */; };
		D3CB9FF12B274EB3007E5615 /* Poppins-Black.ttf in Resources */ = {isa = PBXBuildFile; fileRef = D3CB9FDE2B274EB3007E5615 /* Poppins-Black.ttf */; };
		D3CB9FF22B274EB3007E5615 /* Poppins-LightItalic.ttf in Resources */ = {isa = PBXBuildFile; fileRef = D3CB9FDF2B274EB3007E5615 /* Poppins-LightItalic.ttf */; };
		D3CB9FF32B274EB3007E5615 /* Poppins-Light.ttf in Resources */ = {isa = PBXBuildFile; fileRef = D3CB9FE02B274EB3007E5615 /* Poppins-Light.ttf */; };
		D3CB9FF42B274EB3007E5615 /* Poppins-BoldItalic.ttf in Resources */ = {isa = PBXBuildFile; fileRef = D3CB9FE12B274EB3007E5615 /* Poppins-BoldItalic.ttf */; };
		D3CB9FF52B274EB3007E5615 /* Poppins-ExtraLight.ttf in Resources */ = {isa = PBXBuildFile; fileRef = D3CB9FE22B274EB3007E5615 /* Poppins-ExtraLight.ttf */; };
		D3CB9FF62B274EB3007E5615 /* Poppins-BlackItalic.ttf in Resources */ = {isa = PBXBuildFile; fileRef = D3CB9FE32B274EB3007E5615 /* Poppins-BlackItalic.ttf */; };
		D3CB9FF72B274EB3007E5615 /* Poppins-Italic.ttf in Resources */ = {isa = PBXBuildFile; fileRef = D3CB9FE42B274EB3007E5615 /* Poppins-Italic.ttf */; };
		D3CB9FF82B274EB3007E5615 /* Poppins-Bold.ttf in Resources */ = {isa = PBXBuildFile; fileRef = D3CB9FE52B274EB3007E5615 /* Poppins-Bold.ttf */; };
		D3CB9FF92B274EB3007E5615 /* Poppins-ExtraBoldItalic.ttf in Resources */ = {isa = PBXBuildFile; fileRef = D3CB9FE62B274EB3007E5615 /* Poppins-ExtraBoldItalic.ttf */; };
		D3CB9FFA2B274EB3007E5615 /* Poppins-SemiBold.ttf in Resources */ = {isa = PBXBuildFile; fileRef = D3CB9FE72B274EB3007E5615 /* Poppins-SemiBold.ttf */; };
		D3CB9FFB2B274EB3007E5615 /* OFL.txt in Resources */ = {isa = PBXBuildFile; fileRef = D3CB9FE82B274EB3007E5615 /* OFL.txt */; };
		D3CB9FFC2B274EB3007E5615 /* Poppins-ExtraBold.ttf in Resources */ = {isa = PBXBuildFile; fileRef = D3CB9FE92B274EB3007E5615 /* Poppins-ExtraBold.ttf */; };
		D3CB9FFD2B274EB3007E5615 /* Poppins-MediumItalic.ttf in Resources */ = {isa = PBXBuildFile; fileRef = D3CB9FEA2B274EB3007E5615 /* Poppins-MediumItalic.ttf */; };
		D3CB9FFE2B274EB3007E5615 /* Poppins-ThinItalic.ttf in Resources */ = {isa = PBXBuildFile; fileRef = D3CB9FEB2B274EB3007E5615 /* Poppins-ThinItalic.ttf */; };
		D3CB9FFF2B274EB3007E5615 /* Poppins-SemiBoldItalic.ttf in Resources */ = {isa = PBXBuildFile; fileRef = D3CB9FEC2B274EB3007E5615 /* Poppins-SemiBoldItalic.ttf */; };
		D3CBA0002B274EB3007E5615 /* Poppins-Thin.ttf in Resources */ = {isa = PBXBuildFile; fileRef = D3CB9FED2B274EB3007E5615 /* Poppins-Thin.ttf */; };
/* End PBXBuildFile section */

/* Begin PBXContainerItemProxy section */
		D3CB9F992B266B2A007E5615 /* PBXContainerItemProxy */ = {
			isa = PBXContainerItemProxy;
			containerPortal = D3CB9F802B266B29007E5615 /* Project object */;
			proxyType = 1;
			remoteGlobalIDString = D3CB9F872B266B29007E5615;
			remoteInfo = TechnicalAssessment;
		};
		D3CB9FA32B266B2A007E5615 /* PBXContainerItemProxy */ = {
			isa = PBXContainerItemProxy;
			containerPortal = D3CB9F802B266B29007E5615 /* Project object */;
			proxyType = 1;
			remoteGlobalIDString = D3CB9F872B266B29007E5615;
			remoteInfo = TechnicalAssessment;
		};
/* End PBXContainerItemProxy section */

/* Begin PBXFileReference section */
		D3CB9F882B266B29007E5615 /* TechnicalAssessment.app */ = {isa = PBXFileReference; explicitFileType = wrapper.application; includeInIndex = 0; path = TechnicalAssessment.app; sourceTree = BUILT_PRODUCTS_DIR; };
		D3CB9F8B2B266B29007E5615 /* TechnicalAssessmentApp.swift */ = {isa = PBXFileReference; lastKnownFileType = sourcecode.swift; path = TechnicalAssessmentApp.swift; sourceTree = "<group>"; };
		D3CB9F8F2B266B2A007E5615 /* Assets.xcassets */ = {isa = PBXFileReference; lastKnownFileType = folder.assetcatalog; path = Assets.xcassets; sourceTree = "<group>"; };
		D3CB9F922B266B2A007E5615 /* Preview Assets.xcassets */ = {isa = PBXFileReference; lastKnownFileType = folder.assetcatalog; path = "Preview Assets.xcassets"; sourceTree = "<group>"; };
		D3CB9F982B266B2A007E5615 /* TechnicalAssessmentTests.xctest */ = {isa = PBXFileReference; explicitFileType = wrapper.cfbundle; includeInIndex = 0; path = TechnicalAssessmentTests.xctest; sourceTree = BUILT_PRODUCTS_DIR; };
		D3CB9F9C2B266B2A007E5615 /* TechnicalAssessmentTests.swift */ = {isa = PBXFileReference; lastKnownFileType = sourcecode.swift; path = TechnicalAssessmentTests.swift; sourceTree = "<group>"; };
		D3CB9FA22B266B2A007E5615 /* TechnicalAssessmentUITests.xctest */ = {isa = PBXFileReference; explicitFileType = wrapper.cfbundle; includeInIndex = 0; path = TechnicalAssessmentUITests.xctest; sourceTree = BUILT_PRODUCTS_DIR; };
		D3CB9FA62B266B2A007E5615 /* TechnicalAssessmentUITests.swift */ = {isa = PBXFileReference; lastKnownFileType = sourcecode.swift; path = TechnicalAssessmentUITests.swift; sourceTree = "<group>"; };
		D3CB9FA82B266B2A007E5615 /* TechnicalAssessmentUITestsLaunchTests.swift */ = {isa = PBXFileReference; lastKnownFileType = sourcecode.swift; path = TechnicalAssessmentUITestsLaunchTests.swift; sourceTree = "<group>"; };
		D3CB9FBD2B266E30007E5615 /* CoinCellView.swift */ = {isa = PBXFileReference; lastKnownFileType = sourcecode.swift; path = CoinCellView.swift; sourceTree = "<group>"; };
		D3CB9FC12B26731B007E5615 /* CoinCellViewModel.swift */ = {isa = PBXFileReference; lastKnownFileType = sourcecode.swift; path = CoinCellViewModel.swift; sourceTree = "<group>"; };
		D3CB9FC32B271AA5007E5615 /* CoinListView.swift */ = {isa = PBXFileReference; lastKnownFileType = sourcecode.swift; path = CoinListView.swift; sourceTree = "<group>"; };
		D3CB9FC92B272C97007E5615 /* CoinModel.swift */ = {isa = PBXFileReference; lastKnownFileType = sourcecode.swift; path = CoinModel.swift; sourceTree = "<group>"; };
		D3CB9FCB2B272DBF007E5615 /* NetworkService.swift */ = {isa = PBXFileReference; lastKnownFileType = sourcecode.swift; path = NetworkService.swift; sourceTree = "<group>"; };
		D3CB9FCF2B272E74007E5615 /* CoinListViewModel.swift */ = {isa = PBXFileReference; lastKnownFileType = sourcecode.swift; path = CoinListViewModel.swift; sourceTree = "<group>"; };
		D3CB9FD22B272FC8007E5615 /* String+Abbrevations.swift */ = {isa = PBXFileReference; lastKnownFileType = sourcecode.swift; path = "String+Abbrevations.swift"; sourceTree = "<group>"; };
		D3CB9FD82B2745EF007E5615 /* CoinInfoView.swift */ = {isa = PBXFileReference; lastKnownFileType = sourcecode.swift; path = CoinInfoView.swift; sourceTree = "<group>"; };
		D3CB9FDB2B274EB3007E5615 /* Poppins-Medium.ttf */ = {isa = PBXFileReference; lastKnownFileType = file; path = "Poppins-Medium.ttf"; sourceTree = "<group>"; };
		D3CB9FDC2B274EB3007E5615 /* Poppins-Regular.ttf */ = {isa = PBXFileReference; lastKnownFileType = file; path = "Poppins-Regular.ttf"; sourceTree = "<group>"; };
		D3CB9FDD2B274EB3007E5615 /* Poppins-ExtraLightItalic.ttf */ = {isa = PBXFileReference; lastKnownFileType = file; path = "Poppins-ExtraLightItalic.ttf"; sourceTree = "<group>"; };
		D3CB9FDE2B274EB3007E5615 /* Poppins-Black.ttf */ = {isa = PBXFileReference; lastKnownFileType = file; path = "Poppins-Black.ttf"; sourceTree = "<group>"; };
		D3CB9FDF2B274EB3007E5615 /* Poppins-LightItalic.ttf */ = {isa = PBXFileReference; lastKnownFileType = file; path = "Poppins-LightItalic.ttf"; sourceTree = "<group>"; };
		D3CB9FE02B274EB3007E5615 /* Poppins-Light.ttf */ = {isa = PBXFileReference; lastKnownFileType = file; path = "Poppins-Light.ttf"; sourceTree = "<group>"; };
		D3CB9FE12B274EB3007E5615 /* Poppins-BoldItalic.ttf */ = {isa = PBXFileReference; lastKnownFileType = file; path = "Poppins-BoldItalic.ttf"; sourceTree = "<group>"; };
		D3CB9FE22B274EB3007E5615 /* Poppins-ExtraLight.ttf */ = {isa = PBXFileReference; lastKnownFileType = file; path = "Poppins-ExtraLight.ttf"; sourceTree = "<group>"; };
		D3CB9FE32B274EB3007E5615 /* Poppins-BlackItalic.ttf */ = {isa = PBXFileReference; lastKnownFileType = file; path = "Poppins-BlackItalic.ttf"; sourceTree = "<group>"; };
		D3CB9FE42B274EB3007E5615 /* Poppins-Italic.ttf */ = {isa = PBXFileReference; lastKnownFileType = file; path = "Poppins-Italic.ttf"; sourceTree = "<group>"; };
		D3CB9FE52B274EB3007E5615 /* Poppins-Bold.ttf */ = {isa = PBXFileReference; lastKnownFileType = file; path = "Poppins-Bold.ttf"; sourceTree = "<group>"; };
		D3CB9FE62B274EB3007E5615 /* Poppins-ExtraBoldItalic.ttf */ = {isa = PBXFileReference; lastKnownFileType = file; path = "Poppins-ExtraBoldItalic.ttf"; sourceTree = "<group>"; };
		D3CB9FE72B274EB3007E5615 /* Poppins-SemiBold.ttf */ = {isa = PBXFileReference; lastKnownFileType = file; path = "Poppins-SemiBold.ttf"; sourceTree = "<group>"; };
		D3CB9FE82B274EB3007E5615 /* OFL.txt */ = {isa = PBXFileReference; fileEncoding = 4; lastKnownFileType = text; path = OFL.txt; sourceTree = "<group>"; };
		D3CB9FE92B274EB3007E5615 /* Poppins-ExtraBold.ttf */ = {isa = PBXFileReference; lastKnownFileType = file; path = "Poppins-ExtraBold.ttf"; sourceTree = "<group>"; };
		D3CB9FEA2B274EB3007E5615 /* Poppins-MediumItalic.ttf */ = {isa = PBXFileReference; lastKnownFileType = file; path = "Poppins-MediumItalic.ttf"; sourceTree = "<group>"; };
		D3CB9FEB2B274EB3007E5615 /* Poppins-ThinItalic.ttf */ = {isa = PBXFileReference; lastKnownFileType = file; path = "Poppins-ThinItalic.ttf"; sourceTree = "<group>"; };
		D3CB9FEC2B274EB3007E5615 /* Poppins-SemiBoldItalic.ttf */ = {isa = PBXFileReference; lastKnownFileType = file; path = "Poppins-SemiBoldItalic.ttf"; sourceTree = "<group>"; };
		D3CB9FED2B274EB3007E5615 /* Poppins-Thin.ttf */ = {isa = PBXFileReference; lastKnownFileType = file; path = "Poppins-Thin.ttf"; sourceTree = "<group>"; };
		D3CBA0012B274F66007E5615 /* Info.plist */ = {isa = PBXFileReference; lastKnownFileType = text.plist; path = Info.plist; sourceTree = "<group>"; };
/* End PBXFileReference section */

/* Begin PBXFrameworksBuildPhase section */
		D3CB9F852B266B29007E5615 /* Frameworks */ = {
			isa = PBXFrameworksBuildPhase;
			buildActionMask = 2147483647;
			files = (
			);
			runOnlyForDeploymentPostprocessing = 0;
		};
		D3CB9F952B266B2A007E5615 /* Frameworks */ = {
			isa = PBXFrameworksBuildPhase;
			buildActionMask = 2147483647;
			files = (
			);
			runOnlyForDeploymentPostprocessing = 0;
		};
		D3CB9F9F2B266B2A007E5615 /* Frameworks */ = {
			isa = PBXFrameworksBuildPhase;
			buildActionMask = 2147483647;
			files = (
			);
			runOnlyForDeploymentPostprocessing = 0;
		};
/* End PBXFrameworksBuildPhase section */

/* Begin PBXGroup section */
		D3CB9F7F2B266B29007E5615 = {
			isa = PBXGroup;
			children = (
				D3CB9F8A2B266B29007E5615 /* TechnicalAssessment */,
				D3CB9F9B2B266B2A007E5615 /* TechnicalAssessmentTests */,
				D3CB9FA52B266B2A007E5615 /* TechnicalAssessmentUITests */,
				D3CB9F892B266B29007E5615 /* Products */,
			);
			sourceTree = "<group>";
		};
		D3CB9F892B266B29007E5615 /* Products */ = {
			isa = PBXGroup;
			children = (
				D3CB9F882B266B29007E5615 /* TechnicalAssessment.app */,
				D3CB9F982B266B2A007E5615 /* TechnicalAssessmentTests.xctest */,
				D3CB9FA22B266B2A007E5615 /* TechnicalAssessmentUITests.xctest */,
			);
			name = Products;
			sourceTree = "<group>";
		};
		D3CB9F8A2B266B29007E5615 /* TechnicalAssessment */ = {
			isa = PBXGroup;
			children = (
				D3CBA0012B274F66007E5615 /* Info.plist */,
				D3CB9FDA2B274E55007E5615 /* Fonts */,
				D3CB9FD42B2737BF007E5615 /* Services */,
				D3CB9FD12B272FB3007E5615 /* Extensions */,
				D3CB9FC82B272C33007E5615 /* Models */,
				D3CB9FC62B27253B007E5615 /* ViewModels */,
				D3CB9FC52B27252C007E5615 /* Views */,
				D3CB9F8B2B266B29007E5615 /* TechnicalAssessmentApp.swift */,
				D3CB9F8F2B266B2A007E5615 /* Assets.xcassets */,
				D3CB9F912B266B2A007E5615 /* Preview Content */,
			);
			path = TechnicalAssessment;
			sourceTree = "<group>";
		};
		D3CB9F912B266B2A007E5615 /* Preview Content */ = {
			isa = PBXGroup;
			children = (
				D3CB9F922B266B2A007E5615 /* Preview Assets.xcassets */,
			);
			path = "Preview Content";
			sourceTree = "<group>";
		};
		D3CB9F9B2B266B2A007E5615 /* TechnicalAssessmentTests */ = {
			isa = PBXGroup;
			children = (
				D3CB9F9C2B266B2A007E5615 /* TechnicalAssessmentTests.swift */,
			);
			path = TechnicalAssessmentTests;
			sourceTree = "<group>";
		};
		D3CB9FA52B266B2A007E5615 /* TechnicalAssessmentUITests */ = {
			isa = PBXGroup;
			children = (
				D3CB9FA62B266B2A007E5615 /* TechnicalAssessmentUITests.swift */,
				D3CB9FA82B266B2A007E5615 /* TechnicalAssessmentUITestsLaunchTests.swift */,
			);
			path = TechnicalAssessmentUITests;
			sourceTree = "<group>";
		};
		D3CB9FC52B27252C007E5615 /* Views */ = {
			isa = PBXGroup;
			children = (
				D3CB9FD52B2742A7007E5615 /* Cells */,
				D3CB9FC32B271AA5007E5615 /* CoinListView.swift */,
			);
			path = Views;
			sourceTree = "<group>";
		};
		D3CB9FC62B27253B007E5615 /* ViewModels */ = {
			isa = PBXGroup;
			children = (
				D3CB9FC12B26731B007E5615 /* CoinCellViewModel.swift */,
				D3CB9FCF2B272E74007E5615 /* CoinListViewModel.swift */,
			);
			path = ViewModels;
			sourceTree = "<group>";
		};
		D3CB9FC82B272C33007E5615 /* Models */ = {
			isa = PBXGroup;
			children = (
				D3CB9FC92B272C97007E5615 /* CoinModel.swift */,
			);
			path = Models;
			sourceTree = "<group>";
		};
		D3CB9FD12B272FB3007E5615 /* Extensions */ = {
			isa = PBXGroup;
			children = (
				D3CB9FD22B272FC8007E5615 /* String+Abbrevations.swift */,
			);
			path = Extensions;
			sourceTree = "<group>";
		};
		D3CB9FD42B2737BF007E5615 /* Services */ = {
			isa = PBXGroup;
			children = (
				D3CB9FCB2B272DBF007E5615 /* NetworkService.swift */,
			);
			path = Services;
			sourceTree = "<group>";
		};
		D3CB9FD52B2742A7007E5615 /* Cells */ = {
			isa = PBXGroup;
			children = (
				D3CB9FBD2B266E30007E5615 /* CoinCellView.swift */,
				D3CB9FD82B2745EF007E5615 /* CoinInfoView.swift */,
			);
			path = Cells;
			sourceTree = "<group>";
		};
		D3CB9FDA2B274E55007E5615 /* Fonts */ = {
			isa = PBXGroup;
			children = (
				D3CB9FE82B274EB3007E5615 /* OFL.txt */,
				D3CB9FDE2B274EB3007E5615 /* Poppins-Black.ttf */,
				D3CB9FE32B274EB3007E5615 /* Poppins-BlackItalic.ttf */,
				D3CB9FE52B274EB3007E5615 /* Poppins-Bold.ttf */,
				D3CB9FE12B274EB3007E5615 /* Poppins-BoldItalic.ttf */,
				D3CB9FE92B274EB3007E5615 /* Poppins-ExtraBold.ttf */,
				D3CB9FE62B274EB3007E5615 /* Poppins-ExtraBoldItalic.ttf */,
				D3CB9FE22B274EB3007E5615 /* Poppins-ExtraLight.ttf */,
				D3CB9FDD2B274EB3007E5615 /* Poppins-ExtraLightItalic.ttf */,
				D3CB9FE42B274EB3007E5615 /* Poppins-Italic.ttf */,
				D3CB9FE02B274EB3007E5615 /* Poppins-Light.ttf */,
				D3CB9FDF2B274EB3007E5615 /* Poppins-LightItalic.ttf */,
				D3CB9FDB2B274EB3007E5615 /* Poppins-Medium.ttf */,
				D3CB9FEA2B274EB3007E5615 /* Poppins-MediumItalic.ttf */,
				D3CB9FDC2B274EB3007E5615 /* Poppins-Regular.ttf */,
				D3CB9FE72B274EB3007E5615 /* Poppins-SemiBold.ttf */,
				D3CB9FEC2B274EB3007E5615 /* Poppins-SemiBoldItalic.ttf */,
				D3CB9FED2B274EB3007E5615 /* Poppins-Thin.ttf */,
				D3CB9FEB2B274EB3007E5615 /* Poppins-ThinItalic.ttf */,
			);
			path = Fonts;
			sourceTree = "<group>";
		};
/* End PBXGroup section */

/* Begin PBXNativeTarget section */
		D3CB9F872B266B29007E5615 /* TechnicalAssessment */ = {
			isa = PBXNativeTarget;
			buildConfigurationList = D3CB9FAC2B266B2A007E5615 /* Build configuration list for PBXNativeTarget "TechnicalAssessment" */;
			buildPhases = (
				D3CB9F842B266B29007E5615 /* Sources */,
				D3CB9F852B266B29007E5615 /* Frameworks */,
				D3CB9F862B266B29007E5615 /* Resources */,
			);
			buildRules = (
			);
			dependencies = (
			);
			name = TechnicalAssessment;
			productName = TechnicalAssessment;
			productReference = D3CB9F882B266B29007E5615 /* TechnicalAssessment.app */;
			productType = "com.apple.product-type.application";
		};
		D3CB9F972B266B2A007E5615 /* TechnicalAssessmentTests */ = {
			isa = PBXNativeTarget;
			buildConfigurationList = D3CB9FAF2B266B2A007E5615 /* Build configuration list for PBXNativeTarget "TechnicalAssessmentTests" */;
			buildPhases = (
				D3CB9F942B266B2A007E5615 /* Sources */,
				D3CB9F952B266B2A007E5615 /* Frameworks */,
				D3CB9F962B266B2A007E5615 /* Resources */,
			);
			buildRules = (
			);
			dependencies = (
				D3CB9F9A2B266B2A007E5615 /* PBXTargetDependency */,
			);
			name = TechnicalAssessmentTests;
			productName = TechnicalAssessmentTests;
			productReference = D3CB9F982B266B2A007E5615 /* TechnicalAssessmentTests.xctest */;
			productType = "com.apple.product-type.bundle.unit-test";
		};
		D3CB9FA12B266B2A007E5615 /* TechnicalAssessmentUITests */ = {
			isa = PBXNativeTarget;
			buildConfigurationList = D3CB9FB22B266B2A007E5615 /* Build configuration list for PBXNativeTarget "TechnicalAssessmentUITests" */;
			buildPhases = (
				D3CB9F9E2B266B2A007E5615 /* Sources */,
				D3CB9F9F2B266B2A007E5615 /* Frameworks */,
				D3CB9FA02B266B2A007E5615 /* Resources */,
			);
			buildRules = (
			);
			dependencies = (
				D3CB9FA42B266B2A007E5615 /* PBXTargetDependency */,
			);
			name = TechnicalAssessmentUITests;
			productName = TechnicalAssessmentUITests;
			productReference = D3CB9FA22B266B2A007E5615 /* TechnicalAssessmentUITests.xctest */;
			productType = "com.apple.product-type.bundle.ui-testing";
		};
/* End PBXNativeTarget section */

/* Begin PBXProject section */
		D3CB9F802B266B29007E5615 /* Project object */ = {
			isa = PBXProject;
			attributes = {
				BuildIndependentTargetsInParallel = 1;
				LastSwiftUpdateCheck = 1500;
				LastUpgradeCheck = 1500;
				TargetAttributes = {
					D3CB9F872B266B29007E5615 = {
						CreatedOnToolsVersion = 15.0.1;
					};
					D3CB9F972B266B2A007E5615 = {
						CreatedOnToolsVersion = 15.0.1;
						TestTargetID = D3CB9F872B266B29007E5615;
					};
					D3CB9FA12B266B2A007E5615 = {
						CreatedOnToolsVersion = 15.0.1;
						TestTargetID = D3CB9F872B266B29007E5615;
					};
				};
			};
			buildConfigurationList = D3CB9F832B266B29007E5615 /* Build configuration list for PBXProject "TechnicalAssessment" */;
			compatibilityVersion = "Xcode 14.0";
			developmentRegion = en;
			hasScannedForEncodings = 0;
			knownRegions = (
				en,
				Base,
			);
			mainGroup = D3CB9F7F2B266B29007E5615;
			productRefGroup = D3CB9F892B266B29007E5615 /* Products */;
			projectDirPath = "";
			projectRoot = "";
			targets = (
				D3CB9F872B266B29007E5615 /* TechnicalAssessment */,
				D3CB9F972B266B2A007E5615 /* TechnicalAssessmentTests */,
				D3CB9FA12B266B2A007E5615 /* TechnicalAssessmentUITests */,
			);
		};
/* End PBXProject section */

/* Begin PBXResourcesBuildPhase section */
		D3CB9F862B266B29007E5615 /* Resources */ = {
			isa = PBXResourcesBuildPhase;
			buildActionMask = 2147483647;
			files = (
				D3CB9FFA2B274EB3007E5615 /* Poppins-SemiBold.ttf in Resources */,
				D3CB9FF52B274EB3007E5615 /* Poppins-ExtraLight.ttf in Resources */,
				D3CB9FF42B274EB3007E5615 /* Poppins-BoldItalic.ttf in Resources */,
				D3CB9FF12B274EB3007E5615 /* Poppins-Black.ttf in Resources */,
				D3CB9FEE2B274EB3007E5615 /* Poppins-Medium.ttf in Resources */,
				D3CB9FFF2B274EB3007E5615 /* Poppins-SemiBoldItalic.ttf in Resources */,
				D3CB9FF22B274EB3007E5615 /* Poppins-LightItalic.ttf in Resources */,
				D3CB9FFB2B274EB3007E5615 /* OFL.txt in Resources */,
				D3CB9FFD2B274EB3007E5615 /* Poppins-MediumItalic.ttf in Resources */,
				D3CB9FF32B274EB3007E5615 /* Poppins-Light.ttf in Resources */,
				D3CB9FF72B274EB3007E5615 /* Poppins-Italic.ttf in Resources */,
				D3CB9F932B266B2A007E5615 /* Preview Assets.xcassets in Resources */,
				D3CB9FF82B274EB3007E5615 /* Poppins-Bold.ttf in Resources */,
				D3CB9FF02B274EB3007E5615 /* Poppins-ExtraLightItalic.ttf in Resources */,
				D3CB9FF92B274EB3007E5615 /* Poppins-ExtraBoldItalic.ttf in Resources */,
				D3CBA0002B274EB3007E5615 /* Poppins-Thin.ttf in Resources */,
				D3CB9F902B266B2A007E5615 /* Assets.xcassets in Resources */,
				D3CB9FFC2B274EB3007E5615 /* Poppins-ExtraBold.ttf in Resources */,
				D3CB9FEF2B274EB3007E5615 /* Poppins-Regular.ttf in Resources */,
				D3CB9FFE2B274EB3007E5615 /* Poppins-ThinItalic.ttf in Resources */,
				D3CB9FF62B274EB3007E5615 /* Poppins-BlackItalic.ttf in Resources */,
			);
			runOnlyForDeploymentPostprocessing = 0;
		};
		D3CB9F962B266B2A007E5615 /* Resources */ = {
			isa = PBXResourcesBuildPhase;
			buildActionMask = 2147483647;
			files = (
			);
			runOnlyForDeploymentPostprocessing = 0;
		};
		D3CB9FA02B266B2A007E5615 /* Resources */ = {
			isa = PBXResourcesBuildPhase;
			buildActionMask = 2147483647;
			files = (
			);
			runOnlyForDeploymentPostprocessing = 0;
		};
/* End PBXResourcesBuildPhase section */

/* Begin PBXSourcesBuildPhase section */
		D3CB9F842B266B29007E5615 /* Sources */ = {
			isa = PBXSourcesBuildPhase;
			buildActionMask = 2147483647;
			files = (
				D3CB9FD32B272FC8007E5615 /* String+Abbrevations.swift in Sources */,
				D3CB9FCA2B272C97007E5615 /* CoinModel.swift in Sources */,
				D3CB9FD02B272E74007E5615 /* CoinListViewModel.swift in Sources */,
				D3CB9FC42B271AA5007E5615 /* CoinListView.swift in Sources */,
				D3CB9FC22B26731B007E5615 /* CoinCellViewModel.swift in Sources */,
				D3CB9F8C2B266B29007E5615 /* TechnicalAssessmentApp.swift in Sources */,
				D3CB9FCC2B272DBF007E5615 /* NetworkService.swift in Sources */,
				D3CB9FD92B2745EF007E5615 /* CoinInfoView.swift in Sources */,
				D3CB9FBE2B266E30007E5615 /* CoinCellView.swift in Sources */,
			);
			runOnlyForDeploymentPostprocessing = 0;
		};
		D3CB9F942B266B2A007E5615 /* Sources */ = {
			isa = PBXSourcesBuildPhase;
			buildActionMask = 2147483647;
			files = (
				D3CB9F9D2B266B2A007E5615 /* TechnicalAssessmentTests.swift in Sources */,
			);
			runOnlyForDeploymentPostprocessing = 0;
		};
		D3CB9F9E2B266B2A007E5615 /* Sources */ = {
			isa = PBXSourcesBuildPhase;
			buildActionMask = 2147483647;
			files = (
				D3CB9FA92B266B2A007E5615 /* TechnicalAssessmentUITestsLaunchTests.swift in Sources */,
				D3CB9FA72B266B2A007E5615 /* TechnicalAssessmentUITests.swift in Sources */,
			);
			runOnlyForDeploymentPostprocessing = 0;
		};
/* End PBXSourcesBuildPhase section */

/* Begin PBXTargetDependency section */
		D3CB9F9A2B266B2A007E5615 /* PBXTargetDependency */ = {
			isa = PBXTargetDependency;
			target = D3CB9F872B266B29007E5615 /* TechnicalAssessment */;
			targetProxy = D3CB9F992B266B2A007E5615 /* PBXContainerItemProxy */;
		};
		D3CB9FA42B266B2A007E5615 /* PBXTargetDependency */ = {
			isa = PBXTargetDependency;
			target = D3CB9F872B266B29007E5615 /* TechnicalAssessment */;
			targetProxy = D3CB9FA32B266B2A007E5615 /* PBXContainerItemProxy */;
		};
/* End PBXTargetDependency section */

/* Begin XCBuildConfiguration section */
		D3CB9FAA2B266B2A007E5615 /* Debug */ = {
			isa = XCBuildConfiguration;
			buildSettings = {
				ALWAYS_SEARCH_USER_PATHS = NO;
				ASSETCATALOG_COMPILER_GENERATE_SWIFT_ASSET_SYMBOL_EXTENSIONS = YES;
				CLANG_ANALYZER_NONNULL = YES;
				CLANG_ANALYZER_NUMBER_OBJECT_CONVERSION = YES_AGGRESSIVE;
				CLANG_CXX_LANGUAGE_STANDARD = "gnu++20";
				CLANG_ENABLE_MODULES = YES;
				CLANG_ENABLE_OBJC_ARC = YES;
				CLANG_ENABLE_OBJC_WEAK = YES;
				CLANG_WARN_BLOCK_CAPTURE_AUTORELEASING = YES;
				CLANG_WARN_BOOL_CONVERSION = YES;
				CLANG_WARN_COMMA = YES;
				CLANG_WARN_CONSTANT_CONVERSION = YES;
				CLANG_WARN_DEPRECATED_OBJC_IMPLEMENTATIONS = YES;
				CLANG_WARN_DIRECT_OBJC_ISA_USAGE = YES_ERROR;
				CLANG_WARN_DOCUMENTATION_COMMENTS = YES;
				CLANG_WARN_EMPTY_BODY = YES;
				CLANG_WARN_ENUM_CONVERSION = YES;
				CLANG_WARN_INFINITE_RECURSION = YES;
				CLANG_WARN_INT_CONVERSION = YES;
				CLANG_WARN_NON_LITERAL_NULL_CONVERSION = YES;
				CLANG_WARN_OBJC_IMPLICIT_RETAIN_SELF = YES;
				CLANG_WARN_OBJC_LITERAL_CONVERSION = YES;
				CLANG_WARN_OBJC_ROOT_CLASS = YES_ERROR;
				CLANG_WARN_QUOTED_INCLUDE_IN_FRAMEWORK_HEADER = YES;
				CLANG_WARN_RANGE_LOOP_ANALYSIS = YES;
				CLANG_WARN_STRICT_PROTOTYPES = YES;
				CLANG_WARN_SUSPICIOUS_MOVE = YES;
				CLANG_WARN_UNGUARDED_AVAILABILITY = YES_AGGRESSIVE;
				CLANG_WARN_UNREACHABLE_CODE = YES;
				CLANG_WARN__DUPLICATE_METHOD_MATCH = YES;
				COPY_PHASE_STRIP = NO;
				DEBUG_INFORMATION_FORMAT = dwarf;
				ENABLE_STRICT_OBJC_MSGSEND = YES;
				ENABLE_TESTABILITY = YES;
				ENABLE_USER_SCRIPT_SANDBOXING = YES;
				GCC_C_LANGUAGE_STANDARD = gnu17;
				GCC_DYNAMIC_NO_PIC = NO;
				GCC_NO_COMMON_BLOCKS = YES;
				GCC_OPTIMIZATION_LEVEL = 0;
				GCC_PREPROCESSOR_DEFINITIONS = (
					"DEBUG=1",
					"$(inherited)",
				);
				GCC_WARN_64_TO_32_BIT_CONVERSION = YES;
				GCC_WARN_ABOUT_RETURN_TYPE = YES_ERROR;
				GCC_WARN_UNDECLARED_SELECTOR = YES;
				GCC_WARN_UNINITIALIZED_AUTOS = YES_AGGRESSIVE;
				GCC_WARN_UNUSED_FUNCTION = YES;
				GCC_WARN_UNUSED_VARIABLE = YES;
				IPHONEOS_DEPLOYMENT_TARGET = 17.0;
				LOCALIZATION_PREFERS_STRING_CATALOGS = YES;
				MTL_ENABLE_DEBUG_INFO = INCLUDE_SOURCE;
				MTL_FAST_MATH = YES;
				ONLY_ACTIVE_ARCH = YES;
				SDKROOT = iphoneos;
				SWIFT_ACTIVE_COMPILATION_CONDITIONS = "DEBUG $(inherited)";
				SWIFT_OPTIMIZATION_LEVEL = "-Onone";
			};
			name = Debug;
		};
		D3CB9FAB2B266B2A007E5615 /* Release */ = {
			isa = XCBuildConfiguration;
			buildSettings = {
				ALWAYS_SEARCH_USER_PATHS = NO;
				ASSETCATALOG_COMPILER_GENERATE_SWIFT_ASSET_SYMBOL_EXTENSIONS = YES;
				CLANG_ANALYZER_NONNULL = YES;
				CLANG_ANALYZER_NUMBER_OBJECT_CONVERSION = YES_AGGRESSIVE;
				CLANG_CXX_LANGUAGE_STANDARD = "gnu++20";
				CLANG_ENABLE_MODULES = YES;
				CLANG_ENABLE_OBJC_ARC = YES;
				CLANG_ENABLE_OBJC_WEAK = YES;
				CLANG_WARN_BLOCK_CAPTURE_AUTORELEASING = YES;
				CLANG_WARN_BOOL_CONVERSION = YES;
				CLANG_WARN_COMMA = YES;
				CLANG_WARN_CONSTANT_CONVERSION = YES;
				CLANG_WARN_DEPRECATED_OBJC_IMPLEMENTATIONS = YES;
				CLANG_WARN_DIRECT_OBJC_ISA_USAGE = YES_ERROR;
				CLANG_WARN_DOCUMENTATION_COMMENTS = YES;
				CLANG_WARN_EMPTY_BODY = YES;
				CLANG_WARN_ENUM_CONVERSION = YES;
				CLANG_WARN_INFINITE_RECURSION = YES;
				CLANG_WARN_INT_CONVERSION = YES;
				CLANG_WARN_NON_LITERAL_NULL_CONVERSION = YES;
				CLANG_WARN_OBJC_IMPLICIT_RETAIN_SELF = YES;
				CLANG_WARN_OBJC_LITERAL_CONVERSION = YES;
				CLANG_WARN_OBJC_ROOT_CLASS = YES_ERROR;
				CLANG_WARN_QUOTED_INCLUDE_IN_FRAMEWORK_HEADER = YES;
				CLANG_WARN_RANGE_LOOP_ANALYSIS = YES;
				CLANG_WARN_STRICT_PROTOTYPES = YES;
				CLANG_WARN_SUSPICIOUS_MOVE = YES;
				CLANG_WARN_UNGUARDED_AVAILABILITY = YES_AGGRESSIVE;
				CLANG_WARN_UNREACHABLE_CODE = YES;
				CLANG_WARN__DUPLICATE_METHOD_MATCH = YES;
				COPY_PHASE_STRIP = NO;
				DEBUG_INFORMATION_FORMAT = "dwarf-with-dsym";
				ENABLE_NS_ASSERTIONS = NO;
				ENABLE_STRICT_OBJC_MSGSEND = YES;
				ENABLE_USER_SCRIPT_SANDBOXING = YES;
				GCC_C_LANGUAGE_STANDARD = gnu17;
				GCC_NO_COMMON_BLOCKS = YES;
				GCC_WARN_64_TO_32_BIT_CONVERSION = YES;
				GCC_WARN_ABOUT_RETURN_TYPE = YES_ERROR;
				GCC_WARN_UNDECLARED_SELECTOR = YES;
				GCC_WARN_UNINITIALIZED_AUTOS = YES_AGGRESSIVE;
				GCC_WARN_UNUSED_FUNCTION = YES;
				GCC_WARN_UNUSED_VARIABLE = YES;
				IPHONEOS_DEPLOYMENT_TARGET = 17.0;
				LOCALIZATION_PREFERS_STRING_CATALOGS = YES;
				MTL_ENABLE_DEBUG_INFO = NO;
				MTL_FAST_MATH = YES;
				SDKROOT = iphoneos;
				SWIFT_COMPILATION_MODE = wholemodule;
				VALIDATE_PRODUCT = YES;
			};
			name = Release;
		};
		D3CB9FAD2B266B2A007E5615 /* Debug */ = {
			isa = XCBuildConfiguration;
			buildSettings = {
				ASSETCATALOG_COMPILER_APPICON_NAME = AppIcon;
				ASSETCATALOG_COMPILER_GLOBAL_ACCENT_COLOR_NAME = AccentColor;
				CODE_SIGN_STYLE = Automatic;
				CURRENT_PROJECT_VERSION = 1;
				DEVELOPMENT_ASSET_PATHS = "\"TechnicalAssessment/Preview Content\"";
				ENABLE_PREVIEWS = YES;
				GENERATE_INFOPLIST_FILE = YES;
				INFOPLIST_FILE = TechnicalAssessment/Info.plist;
				INFOPLIST_KEY_UIApplicationSceneManifest_Generation = YES;
				INFOPLIST_KEY_UIApplicationSupportsIndirectInputEvents = YES;
				INFOPLIST_KEY_UILaunchScreen_Generation = YES;
				INFOPLIST_KEY_UISupportedInterfaceOrientations_iPad = "UIInterfaceOrientationPortrait UIInterfaceOrientationPortraitUpsideDown UIInterfaceOrientationLandscapeLeft UIInterfaceOrientationLandscapeRight";
				INFOPLIST_KEY_UISupportedInterfaceOrientations_iPhone = "UIInterfaceOrientationPortrait UIInterfaceOrientationLandscapeLeft UIInterfaceOrientationLandscapeRight";
				LD_RUNPATH_SEARCH_PATHS = (
					"$(inherited)",
					"@executable_path/Frameworks",
				);
				MARKETING_VERSION = 1.0;
				PRODUCT_BUNDLE_IDENTIFIER = com..TechnicalAssessment;
				PRODUCT_NAME = "$(TARGET_NAME)";
				SWIFT_EMIT_LOC_STRINGS = YES;
				SWIFT_VERSION = 5.0;
				TARGETED_DEVICE_FAMILY = "1,2";
			};
			name = Debug;
		};
		D3CB9FAE2B266B2A007E5615 /* Release */ = {
			isa = XCBuildConfiguration;
			buildSettings = {
				ASSETCATALOG_COMPILER_APPICON_NAME = AppIcon;
				ASSETCATALOG_COMPILER_GLOBAL_ACCENT_COLOR_NAME = AccentColor;
				CODE_SIGN_STYLE = Automatic;
				CURRENT_PROJECT_VERSION = 1;
				DEVELOPMENT_ASSET_PATHS = "\"TechnicalAssessment/Preview Content\"";
				ENABLE_PREVIEWS = YES;
				GENERATE_INFOPLIST_FILE = YES;
				INFOPLIST_FILE = TechnicalAssessment/Info.plist;
				INFOPLIST_KEY_UIApplicationSceneManifest_Generation = YES;
				INFOPLIST_KEY_UIApplicationSupportsIndirectInputEvents = YES;
				INFOPLIST_KEY_UILaunchScreen_Generation = YES;
				INFOPLIST_KEY_UISupportedInterfaceOrientations_iPad = "UIInterfaceOrientationPortrait UIInterfaceOrientationPortraitUpsideDown UIInterfaceOrientationLandscapeLeft UIInterfaceOrientationLandscapeRight";
				INFOPLIST_KEY_UISupportedInterfaceOrientations_iPhone = "UIInterfaceOrientationPortrait UIInterfaceOrientationLandscapeLeft UIInterfaceOrientationLandscapeRight";
				LD_RUNPATH_SEARCH_PATHS = (
					"$(inherited)",
					"@executable_path/Frameworks",
				);
				MARKETING_VERSION = 1.0;
				PRODUCT_BUNDLE_IDENTIFIER = com..TechnicalAssessment;
				PRODUCT_NAME = "$(TARGET_NAME)";
				SWIFT_EMIT_LOC_STRINGS = YES;
				SWIFT_VERSION = 5.0;
				TARGETED_DEVICE_FAMILY = "1,2";
			};
			name = Release;
		};
		D3CB9FB02B266B2A007E5615 /* Debug */ = {
			isa = XCBuildConfiguration;
			buildSettings = {
				ALWAYS_EMBED_SWIFT_STANDARD_LIBRARIES = YES;
				BUNDLE_LOADER = "$(TEST_HOST)";
				CODE_SIGN_STYLE = Automatic;
				CURRENT_PROJECT_VERSION = 1;
				GENERATE_INFOPLIST_FILE = YES;
				IPHONEOS_DEPLOYMENT_TARGET = 17.0;
				MARKETING_VERSION = 1.0;
				PRODUCT_BUNDLE_IDENTIFIER = com..TechnicalAssessmentTests;
				PRODUCT_NAME = "$(TARGET_NAME)";
				SWIFT_EMIT_LOC_STRINGS = NO;
				SWIFT_VERSION = 5.0;
				TARGETED_DEVICE_FAMILY = "1,2";
				TEST_HOST = "$(BUILT_PRODUCTS_DIR)/TechnicalAssessment.app/$(BUNDLE_EXECUTABLE_FOLDER_PATH)/TechnicalAssessment";
			};
			name = Debug;
		};
		D3CB9FB12B266B2A007E5615 /* Release */ = {
			isa = XCBuildConfiguration;
			buildSettings = {
				ALWAYS_EMBED_SWIFT_STANDARD_LIBRARIES = YES;
				BUNDLE_LOADER = "$(TEST_HOST)";
				CODE_SIGN_STYLE = Automatic;
				CURRENT_PROJECT_VERSION = 1;
				GENERATE_INFOPLIST_FILE = YES;
				IPHONEOS_DEPLOYMENT_TARGET = 17.0;
				MARKETING_VERSION = 1.0;
				PRODUCT_BUNDLE_IDENTIFIER = com..TechnicalAssessmentTests;
				PRODUCT_NAME = "$(TARGET_NAME)";
				SWIFT_EMIT_LOC_STRINGS = NO;
				SWIFT_VERSION = 5.0;
				TARGETED_DEVICE_FAMILY = "1,2";
				TEST_HOST = "$(BUILT_PRODUCTS_DIR)/TechnicalAssessment.app/$(BUNDLE_EXECUTABLE_FOLDER_PATH)/TechnicalAssessment";
			};
			name = Release;
		};
		D3CB9FB32B266B2A007E5615 /* Debug */ = {
			isa = XCBuildConfiguration;
			buildSettings = {
				ALWAYS_EMBED_SWIFT_STANDARD_LIBRARIES = YES;
				CODE_SIGN_STYLE = Automatic;
				CURRENT_PROJECT_VERSION = 1;
				GENERATE_INFOPLIST_FILE = YES;
				MARKETING_VERSION = 1.0;
				PRODUCT_BUNDLE_IDENTIFIER = com..TechnicalAssessmentUITests;
				PRODUCT_NAME = "$(TARGET_NAME)";
				SWIFT_EMIT_LOC_STRINGS = NO;
				SWIFT_VERSION = 5.0;
				TARGETED_DEVICE_FAMILY = "1,2";
				TEST_TARGET_NAME = TechnicalAssessment;
			};
			name = Debug;
		};
		D3CB9FB42B266B2A007E5615 /* Release */ = {
			isa = XCBuildConfiguration;
			buildSettings = {
				ALWAYS_EMBED_SWIFT_STANDARD_LIBRARIES = YES;
				CODE_SIGN_STYLE = Automatic;
				CURRENT_PROJECT_VERSION = 1;
				GENERATE_INFOPLIST_FILE = YES;
				MARKETING_VERSION = 1.0;
				PRODUCT_BUNDLE_IDENTIFIER = com..TechnicalAssessmentUITests;
				PRODUCT_NAME = "$(TARGET_NAME)";
				SWIFT_EMIT_LOC_STRINGS = NO;
				SWIFT_VERSION = 5.0;
				TARGETED_DEVICE_FAMILY = "1,2";
				TEST_TARGET_NAME = TechnicalAssessment;
			};
			name = Release;
		};
/* End XCBuildConfiguration section */

/* Begin XCConfigurationList section */
		D3CB9F832B266B29007E5615 /* Build configuration list for PBXProject "TechnicalAssessment" */ = {
			isa = XCConfigurationList;
			buildConfigurations = (
				D3CB9FAA2B266B2A007E5615 /* Debug */,
				D3CB9FAB2B266B2A007E5615 /* Release */,
			);
			defaultConfigurationIsVisible = 0;
			defaultConfigurationName = Release;
		};
		D3CB9FAC2B266B2A007E5615 /* Build configuration list for PBXNativeTarget "TechnicalAssessment" */ = {
			isa = XCConfigurationList;
			buildConfigurations = (
				D3CB9FAD2B266B2A007E5615 /* Debug */,
				D3CB9FAE2B266B2A007E5615 /* Release */,
			);
			defaultConfigurationIsVisible = 0;
			defaultConfigurationName = Release;
		};
		D3CB9FAF2B266B2A007E5615 /* Build configuration list for PBXNativeTarget "TechnicalAssessmentTests" */ = {
			isa = XCConfigurationList;
			buildConfigurations = (
				D3CB9FB02B266B2A007E5615 /* Debug */,
				D3CB9FB12B266B2A007E5615 /* Release */,
			);
			defaultConfigurationIsVisible = 0;
			defaultConfigurationName = Release;
		};
		D3CB9FB22B266B2A007E5615 /* Build configuration list for PBXNativeTarget "TechnicalAssessmentUITests" */ = {
			isa = XCConfigurationList;
			buildConfigurations = (
				D3CB9FB32B266B2A007E5615 /* Debug */,
				D3CB9FB42B266B2A007E5615 /* Release */,
			);
			defaultConfigurationIsVisible = 0;
			defaultConfigurationName = Release;
		};
/* End XCConfigurationList section */
	};
	rootObject = D3CB9F802B266B29007E5615 /* Project object */;
}
